
Microsoft Visual Studio Solution File, Format Version 12.00
# Visual Studio 15
Project("{FAE04EC0-301F-11D3-BF4B-00C04F79EFBC}") = "Veterinaria.Consola", "Veterinaria.Consola\Veterinaria.Consola.csproj", "{5CEBBBD8-A926-46E7-A6DE-4F8539C0F3D6}"
EndProject
Global
	GlobalSection(SolutionConfigurationPlatforms) = preSolution
		Debug|anycpu = Debug|anycpu
		Release|anycpu = Release|anycpu
	EndGlobalSection
	GlobalSection(ProjectConfigurationPlatforms) = postSolution
		{5CEBBBD8-A926-46E7-A6DE-4F8539C0F3D6}.Debug|anycpu.ActiveCfg = Debug|anycpu
		{5CEBBBD8-A926-46E7-A6DE-4F8539C0F3D6}.Debug|anycpu.Build.0 = Debug|anycpu
		{5CEBBBD8-A926-46E7-A6DE-4F8539C0F3D6}.Release|anycpu.ActiveCfg = Release|anycpu
		{5CEBBBD8-A926-46E7-A6DE-4F8539C0F3D6}.Release|anycpu.Build.0 = Release|anycpu
	EndGlobalSection
EndGlobal
